// !$*UTF8*$!
{
	archiveVersion = 1;
	classes = {
	};
	objectVersion = 51;
	objects = {

/* Begin PBXBuildFile section */
		60EBD8DDA623D8979BF4584A /* Pods_HelloAPI0411.framework in Frameworks */ = {isa = PBXBuildFile; fileRef = 97DF165716EFE737D9955687 /* Pods_HelloAPI0411.framework */; };
		BA0820942441A11100CE046C /* AppDelegate.swift in Sources */ = {isa = PBXBuildFile; fileRef = BA0820932441A11100CE046C /* AppDelegate.swift */; };
		BA0820962441A11100CE046C /* SceneDelegate.swift in Sources */ = {isa = PBXBuildFile; fileRef = BA0820952441A11100CE046C /* SceneDelegate.swift */; };
		BA0820982441A11100CE046C /* ViewController.swift in Sources */ = {isa = PBXBuildFile; fileRef = BA0820972441A11100CE046C /* ViewController.swift */; };
		BA08209B2441A11100CE046C /* Main.storyboard in Resources */ = {isa = PBXBuildFile; fileRef = BA0820992441A11100CE046C /* Main.storyboard */; };
		BA08209D2441A11300CE046C /* Assets.xcassets in Resources */ = {isa = PBXBuildFile; fileRef = BA08209C2441A11300CE046C /* Assets.xcassets */; };
		BA0820A02441A11300CE046C /* LaunchScreen.storyboard in Resources */ = {isa = PBXBuildFile; fileRef = BA08209E2441A11300CE046C /* LaunchScreen.storyboard */; };
		BA0820AA2441AA9900CE046C /* APIModel.swift in Sources */ = {isa = PBXBuildFile; fileRef = BA0820A92441AA9900CE046C /* APIModel.swift */; };
/* End PBXBuildFile section */

/* Begin PBXFileReference section */
		11B438944F49CCC869C73AC0 /* Pods-HelloAPI0411.debug.xcconfig */ = {isa = PBXFileReference; includeInIndex = 1; lastKnownFileType = text.xcconfig; name = "Pods-HelloAPI0411.debug.xcconfig"; path = "Target Support Files/Pods-HelloAPI0411/Pods-HelloAPI0411.debug.xcconfig"; sourceTree = "<group>"; };
		34258F0B7DAF1F1A246B02B0 /* Pods-HelloAPI0411.release.xcconfig */ = {isa = PBXFileReference; includeInIndex = 1; lastKnownFileType = text.xcconfig; name = "Pods-HelloAPI0411.release.xcconfig"; path = "Target Support Files/Pods-HelloAPI0411/Pods-HelloAPI0411.release.xcconfig"; sourceTree = "<group>"; };
		97DF165716EFE737D9955687 /* Pods_HelloAPI0411.framework */ = {isa = PBXFileReference; explicitFileType = wrapper.framework; includeInIndex = 0; path = Pods_HelloAPI0411.framework; sourceTree = BUILT_PRODUCTS_DIR; };
		BA0820902441A11100CE046C /* HelloAPI0411.app */ = {isa = PBXFileReference; explicitFileType = wrapper.application; includeInIndex = 0; path = HelloAPI0411.app; sourceTree = BUILT_PRODUCTS_DIR; };
		BA0820932441A11100CE046C /* AppDelegate.swift */ = {isa = PBXFileReference; lastKnownFileType = sourcecode.swift; path = AppDelegate.swift; sourceTree = "<group>"; };
		BA0820952441A11100CE046C /* SceneDelegate.swift */ = {isa = PBXFileReference; lastKnownFileType = sourcecode.swift; path = SceneDelegate.swift; sourceTree = "<group>"; };
		BA0820972441A11100CE046C /* ViewController.swift */ = {isa = PBXFileReference; lastKnownFileType = sourcecode.swift; path = ViewController.swift; sourceTree = "<group>"; };
		BA08209A2441A11100CE046C /* Base */ = {isa = PBXFileReference; lastKnownFileType = file.storyboard; name = Base; path = Base.lproj/Main.storyboard; sourceTree = "<group>"; };
		BA08209C2441A11300CE046C /* Assets.xcassets */ = {isa = PBXFileReference; lastKnownFileType = folder.assetcatalog; path = Assets.xcassets; sourceTree = "<group>"; };
		BA08209F2441A11300CE046C /* Base */ = {isa = PBXFileReference; lastKnownFileType = file.storyboard; name = Base; path = Base.lproj/LaunchScreen.storyboard; sourceTree = "<group>"; };
		BA0820A12441A11300CE046C /* Info.plist */ = {isa = PBXFileReference; lastKnownFileType = text.plist.xml; path = Info.plist; sourceTree = "<group>"; };
		BA0820A92441AA9900CE046C /* APIModel.swift */ = {isa = PBXFileReference; lastKnownFileType = sourcecode.swift; path = APIModel.swift; sourceTree = "<group>"; };
/* End PBXFileReference section */

/* Begin PBXFrameworksBuildPhase section */
		BA08208D2441A11100CE046C /* Frameworks */ = {
			isa = PBXFrameworksBuildPhase;
			buildActionMask = 2147483647;
			files = (
				60EBD8DDA623D8979BF4584A /* Pods_HelloAPI0411.framework in Frameworks */,
			);
			runOnlyForDeploymentPostprocessing = 0;
		};
/* End PBXFrameworksBuildPhase section */

/* Begin PBXGroup section */
		91CFF3056C586C69197ECA51 /* Frameworks */ = {
			isa = PBXGroup;
			children = (
				97DF165716EFE737D9955687 /* Pods_HelloAPI0411.framework */,
			);
			name = Frameworks;
			sourceTree = "<group>";
		};
		BA0820872441A11100CE046C = {
			isa = PBXGroup;
			children = (
				BA0820922441A11100CE046C /* HelloAPI0411 */,
				BA0820912441A11100CE046C /* Products */,
				D5787829629A4C7328C9F82F /* Pods */,
				91CFF3056C586C69197ECA51 /* Frameworks */,
			);
			sourceTree = "<group>";
		};
		BA0820912441A11100CE046C /* Products */ = {
			isa = PBXGroup;
			children = (
				BA0820902441A11100CE046C /* HelloAPI0411.app */,
			);
			name = Products;
			sourceTree = "<group>";
		};
		BA0820922441A11100CE046C /* HelloAPI0411 */ = {
			isa = PBXGroup;
			children = (
				BA0820932441A11100CE046C /* AppDelegate.swift */,
				BA0820952441A11100CE046C /* SceneDelegate.swift */,
				BA0820972441A11100CE046C /* ViewController.swift */,
				BA0820992441A11100CE046C /* Main.storyboard */,
				BA08209C2441A11300CE046C /* Assets.xcassets */,
				BA08209E2441A11300CE046C /* LaunchScreen.storyboard */,
				BA0820A12441A11300CE046C /* Info.plist */,
				BA0820A92441AA9900CE046C /* APIModel.swift */,
			);
			path = HelloAPI0411;
			sourceTree = "<group>";
		};
		D5787829629A4C7328C9F82F /* Pods */ = {
			isa = PBXGroup;
			children = (
				11B438944F49CCC869C73AC0 /* Pods-HelloAPI0411.debug.xcconfig */,
				34258F0B7DAF1F1A246B02B0 /* Pods-HelloAPI0411.release.xcconfig */,
			);
			path = Pods;
			sourceTree = "<group>";
		};
/* End PBXGroup section */

/* Begin PBXNativeTarget section */
		BA08208F2441A11100CE046C /* HelloAPI0411 */ = {
			isa = PBXNativeTarget;
			buildConfigurationList = BA0820A42441A11300CE046C /* Build configuration list for PBXNativeTarget "HelloAPI0411" */;
			buildPhases = (
				C7F284EF113ACDD4002E52AF /* [CP] Check Pods Manifest.lock */,
				BA08208C2441A11100CE046C /* Sources */,
				BA08208D2441A11100CE046C /* Frameworks */,
				BA08208E2441A11100CE046C /* Resources */,
				AA08176340C95E1D2D69CB4A /* [CP] Embed Pods Frameworks */,
			);
			buildRules = (
			);
			dependencies = (
			);
			name = HelloAPI0411;
			productName = HelloAPI0411;
			productReference = BA0820902441A11100CE046C /* HelloAPI0411.app */;
			productType = "com.apple.product-type.application";
		};
/* End PBXNativeTarget section */

/* Begin PBXProject section */
		BA0820882441A11100CE046C /* Project object */ = {
			isa = PBXProject;
			attributes = {
				LastSwiftUpdateCheck = 1130;
				LastUpgradeCheck = 1130;
				ORGANIZATIONNAME = "申潤五";
				TargetAttributes = {
					BA08208F2441A11100CE046C = {
						CreatedOnToolsVersion = 11.3.1;
					};
				};
			};
			buildConfigurationList = BA08208B2441A11100CE046C /* Build configuration list for PBXProject "HelloAPI0411" */;
			compatibilityVersion = "Xcode 9.3";
			developmentRegion = en;
			hasScannedForEncodings = 0;
			knownRegions = (
				en,
				Base,
			);
			mainGroup = BA0820872441A11100CE046C;
			productRefGroup = BA0820912441A11100CE046C /* Products */;
			projectDirPath = "";
			projectRoot = "";
			targets = (
				BA08208F2441A11100CE046C /* HelloAPI0411 */,
			);
		};
/* End PBXProject section */

/* Begin PBXResourcesBuildPhase section */
		BA08208E2441A11100CE046C /* Resources */ = {
			isa = PBXResourcesBuildPhase;
			buildActionMask = 2147483647;
			files = (
				BA0820A02441A11300CE046C /* LaunchScreen.storyboard in Resources */,
				BA08209D2441A11300CE046C /* Assets.xcassets in Resources */,
				BA08209B2441A11100CE046C /* Main.storyboard in Resources */,
			);
			runOnlyForDeploymentPostprocessing = 0;
		};
/* End PBXResourcesBuildPhase section */

/* Begin PBXShellScriptBuildPhase section */
		AA08176340C95E1D2D69CB4A /* [CP] Embed Pods Frameworks */ = {
			isa = PBXShellScriptBuildPhase;
			buildActionMask = 2147483647;
			files = (
			);
			inputFileListPaths = (
				"${PODS_ROOT}/Target Support Files/Pods-HelloAPI0411/Pods-HelloAPI0411-frameworks-${CONFIGURATION}-input-files.xcfilelist",
			);
			name = "[CP] Embed Pods Frameworks";
			outputFileListPaths = (
				"${PODS_ROOT}/Target Support Files/Pods-HelloAPI0411/Pods-HelloAPI0411-frameworks-${CONFIGURATION}-output-files.xcfilelist",
			);
			runOnlyForDeploymentPostprocessing = 0;
			shellPath = /bin/sh;
			shellScript = "\"${PODS_ROOT}/Target Support Files/Pods-HelloAPI0411/Pods-HelloAPI0411-frameworks.sh\"\n";
			showEnvVarsInLog = 0;
		};
		C7F284EF113ACDD4002E52AF /* [CP] Check Pods Manifest.lock */ = {
			isa = PBXShellScriptBuildPhase;
			buildActionMask = 2147483647;
			files = (
			);
			inputFileListPaths = (
			);
			inputPaths = (
				"${PODS_PODFILE_DIR_PATH}/Podfile.lock",
				"${PODS_ROOT}/Manifest.lock",
			);
			name = "[CP] Check Pods Manifest.lock";
			outputFileListPaths = (
			);
			outputPaths = (
				"$(DERIVED_FILE_DIR)/Pods-HelloAPI0411-checkManifestLockResult.txt",
			);
			runOnlyForDeploymentPostprocessing = 0;
			shellPath = /bin/sh;
			shellScript = "diff \"${PODS_PODFILE_DIR_PATH}/Podfile.lock\" \"${PODS_ROOT}/Manifest.lock\" > /dev/null\nif [ $? != 0 ] ; then\n    # print error to STDERR\n    echo \"error: The sandbox is not in sync with the Podfile.lock. Run 'pod install' or update your CocoaPods installation.\" >&2\n    exit 1\nfi\n# This output is used by Xcode 'outputs' to avoid re-running this script phase.\necho \"SUCCESS\" > \"${SCRIPT_OUTPUT_FILE_0}\"\n";
			showEnvVarsInLog = 0;
		};
/* End PBXShellScriptBuildPhase section */

/* Begin PBXSourcesBuildPhase section */
		BA08208C2441A11100CE046C /* Sources */ = {
			isa = PBXSourcesBuildPhase;
			buildActionMask = 2147483647;
			files = (
				BA0820AA2441AA9900CE046C /* APIModel.swift in Sources */,
				BA0820982441A11100CE046C /* ViewController.swift in Sources */,
				BA0820942441A11100CE046C /* AppDelegate.swift in Sources */,
				BA0820962441A11100CE046C /* SceneDelegate.swift in Sources */,
			);
			runOnlyForDeploymentPostprocessing = 0;
		};
/* End PBXSourcesBuildPhase section */

/* Begin PBXVariantGroup section */
		BA0820992441A11100CE046C /* Main.storyboard */ = {
			isa = PBXVariantGroup;
			children = (
				BA08209A2441A11100CE046C /* Base */,
			);
			name = Main.storyboard;
			sourceTree = "<group>";
		};
		BA08209E2441A11300CE046C /* LaunchScreen.storyboard */ = {
			isa = PBXVariantGroup;
			children = (
				BA08209F2441A11300CE046C /* Base */,
			);
			name = LaunchScreen.storyboard;
			sourceTree = "<group>";
		};
/* End PBXVariantGroup section */

/* Begin XCBuildConfiguration section */
		BA0820A22441A11300CE046C /* Debug */ = {
			isa = XCBuildConfiguration;
			buildSettings = {
				ALWAYS_SEARCH_USER_PATHS = NO;
				CLANG_ANALYZER_NONNULL = YES;
				CLANG_ANALYZER_NUMBER_OBJECT_CONVERSION = YES_AGGRESSIVE;
				CLANG_CXX_LANGUAGE_STANDARD = "gnu++14";
				CLANG_CXX_LIBRARY = "libc++";
				CLANG_ENABLE_MODULES = YES;
				CLANG_ENABLE_OBJC_ARC = YES;
				CLANG_ENABLE_OBJC_WEAK = YES;
				CLANG_WARN_BLOCK_CAPTURE_AUTORELEASING = YES;
				CLANG_WARN_BOOL_CONVERSION = YES;
				CLANG_WARN_COMMA = YES;
				CLANG_WARN_CONSTANT_CONVERSION = YES;
				CLANG_WARN_DEPRECATED_OBJC_IMPLEMENTATIONS = YES;
				CLANG_WARN_DIRECT_OBJC_ISA_USAGE = YES_ERROR;
				CLANG_WARN_DOCUMENTATION_COMMENTS = YES;
				CLANG_WARN_EMPTY_BODY = YES;
				CLANG_WARN_ENUM_CONVERSION = YES;
				CLANG_WARN_INFINITE_RECURSION = YES;
				CLANG_WARN_INT_CONVERSION = YES;
				CLANG_WARN_NON_LITERAL_NULL_CONVERSION = YES;
				CLANG_WARN_OBJC_IMPLICIT_RETAIN_SELF = YES;
				CLANG_WARN_OBJC_LITERAL_CONVERSION = YES;
				CLANG_WARN_OBJC_ROOT_CLASS = YES_ERROR;
				CLANG_WARN_RANGE_LOOP_ANALYSIS = YES;
				CLANG_WARN_STRICT_PROTOTYPES = YES;
				CLANG_WARN_SUSPICIOUS_MOVE = YES;
				CLANG_WARN_UNGUARDED_AVAILABILITY = YES_AGGRESSIVE;
				CLANG_WARN_UNREACHABLE_CODE = YES;
				CLANG_WARN__DUPLICATE_METHOD_MATCH = YES;
				COPY_PHASE_STRIP = NO;
				DEBUG_INFORMATION_FORMAT = dwarf;
				ENABLE_STRICT_OBJC_MSGSEND = YES;
				ENABLE_TESTABILITY = YES;
				GCC_C_LANGUAGE_STANDARD = gnu11;
				GCC_DYNAMIC_NO_PIC = NO;
				GCC_NO_COMMON_BLOCKS = YES;
				GCC_OPTIMIZATION_LEVEL = 0;
				GCC_PREPROCESSOR_DEFINITIONS = (
					"DEBUG=1",
					"$(inherited)",
				);
				GCC_WARN_64_TO_32_BIT_CONVERSION = YES;
				GCC_WARN_ABOUT_RETURN_TYPE = YES_ERROR;
				GCC_WARN_UNDECLARED_SELECTOR = YES;
				GCC_WARN_UNINITIALIZED_AUTOS = YES_AGGRESSIVE;
				GCC_WARN_UNUSED_FUNCTION = YES;
				GCC_WARN_UNUSED_VARIABLE = YES;
				IPHONEOS_DEPLOYMENT_TARGET = 13.2;
				MTL_ENABLE_DEBUG_INFO = INCLUDE_SOURCE;
				MTL_FAST_MATH = YES;
				ONLY_ACTIVE_ARCH = YES;
				SDKROOT = iphoneos;
				SWIFT_ACTIVE_COMPILATION_CONDITIONS = DEBUG;
				SWIFT_OPTIMIZATION_LEVEL = "-Onone";
			};
			name = Debug;
		};
		BA0820A32441A11300CE046C /* Release */ = {
			isa = XCBuildConfiguration;
			buildSettings = {
				ALWAYS_SEARCH_USER_PATHS = NO;
				CLANG_ANALYZER_NONNULL = YES;
				CLANG_ANALYZER_NUMBER_OBJECT_CONVERSION = YES_AGGRESSIVE;
				CLANG_CXX_LANGUAGE_STANDARD = "gnu++14";
				CLANG_CXX_LIBRARY = "libc++";
				CLANG_ENABLE_MODULES = YES;
				CLANG_ENABLE_OBJC_ARC = YES;
				CLANG_ENABLE_OBJC_WEAK = YES;
				CLANG_WARN_BLOCK_CAPTURE_AUTORELEASING = YES;
				CLANG_WARN_BOOL_CONVERSION = YES;
				CLANG_WARN_COMMA = YES;
				CLANG_WARN_CONSTANT_CONVERSION = YES;
				CLANG_WARN_DEPRECATED_OBJC_IMPLEMENTATIONS = YES;
				CLANG_WARN_DIRECT_OBJC_ISA_USAGE = YES_ERROR;
				CLANG_WARN_DOCUMENTATION_COMMENTS = YES;
				CLANG_WARN_EMPTY_BODY = YES;
				CLANG_WARN_ENUM_CONVERSION = YES;
				CLANG_WARN_INFINITE_RECURSION = YES;
				CLANG_WARN_INT_CONVERSION = YES;
				CLANG_WARN_NON_LITERAL_NULL_CONVERSION = YES;
				CLANG_WARN_OBJC_IMPLICIT_RETAIN_SELF = YES;
				CLANG_WARN_OBJC_LITERAL_CONVERSION = YES;
				CLANG_WARN_OBJC_ROOT_CLASS = YES_ERROR;
				CLANG_WARN_RANGE_LOOP_ANALYSIS = YES;
				CLANG_WARN_STRICT_PROTOTYPES = YES;
				CLANG_WARN_SUSPICIOUS_MOVE = YES;
				CLANG_WARN_UNGUARDED_AVAILABILITY = YES_AGGRESSIVE;
				CLANG_WARN_UNREACHABLE_CODE = YES;
				CLANG_WARN__DUPLICATE_METHOD_MATCH = YES;
				COPY_PHASE_STRIP = NO;
				DEBUG_INFORMATION_FORMAT = "dwarf-with-dsym";
				ENABLE_NS_ASSERTIONS = NO;
				ENABLE_STRICT_OBJC_MSGSEND = YES;
				GCC_C_LANGUAGE_STANDARD = gnu11;
				GCC_NO_COMMON_BLOCKS = YES;
				GCC_WARN_64_TO_32_BIT_CONVERSION = YES;
				GCC_WARN_ABOUT_RETURN_TYPE = YES_ERROR;
				GCC_WARN_UNDECLARED_SELECTOR = YES;
				GCC_WARN_UNINITIALIZED_AUTOS = YES_AGGRESSIVE;
				GCC_WARN_UNUSED_FUNCTION = YES;
				GCC_WARN_UNUSED_VARIABLE = YES;
				IPHONEOS_DEPLOYMENT_TARGET = 13.2;
				MTL_ENABLE_DEBUG_INFO = NO;
				MTL_FAST_MATH = YES;
				SDKROOT = iphoneos;
				SWIFT_COMPILATION_MODE = wholemodule;
				SWIFT_OPTIMIZATION_LEVEL = "-O";
				VALIDATE_PRODUCT = YES;
			};
			name = Release;
		};
		BA0820A52441A11300CE046C /* Debug */ = {
			isa = XCBuildConfiguration;
			baseConfigurationReference = 11B438944F49CCC869C73AC0 /* Pods-HelloAPI0411.debug.xcconfig */;
			buildSettings = {
				ASSETCATALOG_COMPILER_APPICON_NAME = AppIcon;
				CODE_SIGN_STYLE = Automatic;
				DEVELOPMENT_TEAM = XSVW22JPST;
				INFOPLIST_FILE = HelloAPI0411/Info.plist;
				LD_RUNPATH_SEARCH_PATHS = (
					"$(inherited)",
					"@executable_path/Frameworks",
				);
				PRODUCT_BUNDLE_IDENTIFIER = idev.sjw.HelloAPI0411;
				PRODUCT_NAME = "$(TARGET_NAME)";
				SWIFT_VERSION = 5.0;
				TARGETED_DEVICE_FAMILY = "1,2";
			};
			name = Debug;
		};
		BA0820A62441A11300CE046C /* Release */ = {
			isa = XCBuildConfiguration;
			baseConfigurationReference = 34258F0B7DAF1F1A246B02B0 /* Pods-HelloAPI0411.release.xcconfig */;
			buildSettings = {
				ASSETCATALOG_COMPILER_APPICON_NAME = AppIcon;
				CODE_SIGN_STYLE = Automatic;
				DEVELOPMENT_TEAM = XSVW22JPST;
				INFOPLIST_FILE = HelloAPI0411/Info.plist;
				LD_RUNPATH_SEARCH_PATHS = (
					"$(inherited)",
					"@executable_path/Frameworks",
				);
				PRODUCT_BUNDLE_IDENTIFIER = idev.sjw.HelloAPI0411;
				PRODUCT_NAME = "$(TARGET_NAME)";
				SWIFT_VERSION = 5.0;
				TARGETED_DEVICE_FAMILY = "1,2";
			};
			name = Release;
		};
/* End XCBuildConfiguration section */

/* Begin XCConfigurationList section */
		BA08208B2441A11100CE046C /* Build configuration list for PBXProject "HelloAPI0411" */ = {
			isa = XCConfigurationList;
			buildConfigurations = (
				BA0820A22441A11300CE046C /* Debug */,
				BA0820A32441A11300CE046C /* Release */,
			);
			defaultConfigurationIsVisible = 0;
			defaultConfigurationName = Release;
		};
		BA0820A42441A11300CE046C /* Build configuration list for PBXNativeTarget "HelloAPI0411" */ = {
			isa = XCConfigurationList;
			buildConfigurations = (
				BA0820A52441A11300CE046C /* Debug */,
				BA0820A62441A11300CE046C /* Release */,
			);
			defaultConfigurationIsVisible = 0;
			defaultConfigurationName = Release;
		};
/* End XCConfigurationList section */
	};
	rootObject = BA0820882441A11100CE046C /* Project object */;
}
